
Microsoft Visual Studio Solution File, Format Version 12.00
# Visual Studio Version 17
VisualStudioVersion = 17.0.31903.59
MinimumVisualStudioVersion = 10.0.40219.1
Project("{2150E333-8FDC-42A3-9474-1A3956D46DE8}") = "src", "src", "{883DBD82-F138-4407-A027-EC5FD464D2EE}"
EndProject
Project("{FAE04EC0-301F-11D3-BF4B-00C04F79EFBC}") = "LogTunnel.Core", "src\LogTunnel.Core\LogTunnel.Core.csproj", "{4AA198B1-5F4D-4063-8A74-041918609EBD}"
EndProject
Project("{FAE04EC0-301F-11D3-BF4B-00C04F79EFBC}") = "LogTunnel.Api", "src\LogTunnel.Api\LogTunnel.Api.csproj", "{690ECB3B-451A-4D85-96D7-62BCE1783F3C}"
EndProject
Project("{FAE04EC0-301F-11D3-BF4B-00C04F79EFBC}") = "LogTunnel.Cli", "src\LogTunnel.Cli\LogTunnel.Cli.csproj", "{EE2D37C5-3468-47EF-A174-F054C2B65576}"
EndProject
Project("{2150E333-8FDC-42A3-9474-1A3956D46DE8}") = "tests", "tests", "{A47E1210-9905-4379-8ADE-D9660D337F3F}"
EndProject
Project("{FAE04EC0-301F-11D3-BF4B-00C04F79EFBC}") = "LogTunnel.Core.Tests", "tests\LogTunnel.Core.Tests\LogTunnel.Core.Tests.csproj", "{3AB3CF1D-8C76-49E7-AA20-63D271ED1B51}"
EndProject
Project("{FAE04EC0-301F-11D3-BF4B-00C04F79EFBC}") = "LogTunnel.Infrastructure", "src\LogTunnel.Infrastructure\LogTunnel.Infrastructure.csproj", "{DAF8E467-DA65-4F9D-8B92-004CD942246E}"
EndProject
Project("{FAE04EC0-301F-11D3-BF4B-00C04F79EFBC}") = "LogTunnel.Infrastructure.Tests", "tests\LogTunnel.Infrastructure.Tests\LogTunnel.Infrastructure.Tests.csproj", "{A0A7A005-D8BC-4B80-A1AF-F3C3389E9A0B}"
EndProject
Project("{FAE04EC0-301F-11D3-BF4B-00C04F79EFBC}") = "LogTunnel.Platform", "src\LogTunnel.Platform\LogTunnel.Platform.csproj", "{5E984450-0F32-4115-88A0-C9F7B1CA2E50}"
EndProject
Global
	GlobalSection(SolutionConfigurationPlatforms) = preSolution
		Debug|Any CPU = Debug|Any CPU
		Release|Any CPU = Release|Any CPU
	EndGlobalSection
	GlobalSection(SolutionProperties) = preSolution
		HideSolutionNode = FALSE
	EndGlobalSection
	GlobalSection(ProjectConfigurationPlatforms) = postSolution
		{4AA198B1-5F4D-4063-8A74-041918609EBD}.Debug|Any CPU.ActiveCfg = Debug|Any CPU
		{4AA198B1-5F4D-4063-8A74-041918609EBD}.Debug|Any CPU.Build.0 = Debug|Any CPU
		{4AA198B1-5F4D-4063-8A74-041918609EBD}.Release|Any CPU.ActiveCfg = Release|Any CPU
		{4AA198B1-5F4D-4063-8A74-041918609EBD}.Release|Any CPU.Build.0 = Release|Any CPU
		{690ECB3B-451A-4D85-96D7-62BCE1783F3C}.Debug|Any CPU.ActiveCfg = Debug|Any CPU
		{690ECB3B-451A-4D85-96D7-62BCE1783F3C}.Debug|Any CPU.Build.0 = Debug|Any CPU
		{690ECB3B-451A-4D85-96D7-62BCE1783F3C}.Release|Any CPU.ActiveCfg = Release|Any CPU
		{690ECB3B-451A-4D85-96D7-62BCE1783F3C}.Release|Any CPU.Build.0 = Release|Any CPU
		{EE2D37C5-3468-47EF-A174-F054C2B65576}.Debug|Any CPU.ActiveCfg = Debug|Any CPU
		{EE2D37C5-3468-47EF-A174-F054C2B65576}.Debug|Any CPU.Build.0 = Debug|Any CPU
		{EE2D37C5-3468-47EF-A174-F054C2B65576}.Release|Any CPU.ActiveCfg = Release|Any CPU
		{EE2D37C5-3468-47EF-A174-F054C2B65576}.Release|Any CPU.Build.0 = Release|Any CPU
		{3AB3CF1D-8C76-49E7-AA20-63D271ED1B51}.Debug|Any CPU.ActiveCfg = Debug|Any CPU
		{3AB3CF1D-8C76-49E7-AA20-63D271ED1B51}.Debug|Any CPU.Build.0 = Debug|Any CPU
		{3AB3CF1D-8C76-49E7-AA20-63D271ED1B51}.Release|Any CPU.ActiveCfg = Release|Any CPU
		{3AB3CF1D-8C76-49E7-AA20-63D271ED1B51}.Release|Any CPU.Build.0 = Release|Any CPU
		{DAF8E467-DA65-4F9D-8B92-004CD942246E}.Debug|Any CPU.ActiveCfg = Debug|Any CPU
		{DAF8E467-DA65-4F9D-8B92-004CD942246E}.Debug|Any CPU.Build.0 = Debug|Any CPU
		{DAF8E467-DA65-4F9D-8B92-004CD942246E}.Release|Any CPU.ActiveCfg = Release|Any CPU
		{DAF8E467-DA65-4F9D-8B92-004CD942246E}.Release|Any CPU.Build.0 = Release|Any CPU
		{A0A7A005-D8BC-4B80-A1AF-F3C3389E9A0B}.Debug|Any CPU.ActiveCfg = Debug|Any CPU
		{A0A7A005-D8BC-4B80-A1AF-F3C3389E9A0B}.Debug|Any CPU.Build.0 = Debug|Any CPU
		{A0A7A005-D8BC-4B80-A1AF-F3C3389E9A0B}.Release|Any CPU.ActiveCfg = Release|Any CPU
		{A0A7A005-D8BC-4B80-A1AF-F3C3389E9A0B}.Release|Any CPU.Build.0 = Release|Any CPU
		{5E984450-0F32-4115-88A0-C9F7B1CA2E50}.Debug|Any CPU.ActiveCfg = Debug|Any CPU
		{5E984450-0F32-4115-88A0-C9F7B1CA2E50}.Debug|Any CPU.Build.0 = Debug|Any CPU
		{5E984450-0F32-4115-88A0-C9F7B1CA2E50}.Release|Any CPU.ActiveCfg = Release|Any CPU
		{5E984450-0F32-4115-88A0-C9F7B1CA2E50}.Release|Any CPU.Build.0 = Release|Any CPU
	EndGlobalSection
	GlobalSection(NestedProjects) = preSolution
		{4AA198B1-5F4D-4063-8A74-041918609EBD} = {883DBD82-F138-4407-A027-EC5FD464D2EE}
		{690ECB3B-451A-4D85-96D7-62BCE1783F3C} = {883DBD82-F138-4407-A027-EC5FD464D2EE}
		{EE2D37C5-3468-47EF-A174-F054C2B65576} = {883DBD82-F138-4407-A027-EC5FD464D2EE}
		{3AB3CF1D-8C76-49E7-AA20-63D271ED1B51} = {A47E1210-9905-4379-8ADE-D9660D337F3F}
		{DAF8E467-DA65-4F9D-8B92-004CD942246E} = {883DBD82-F138-4407-A027-EC5FD464D2EE}
		{A0A7A005-D8BC-4B80-A1AF-F3C3389E9A0B} = {A47E1210-9905-4379-8ADE-D9660D337F3F}
		{5E984450-0F32-4115-88A0-C9F7B1CA2E50} = {883DBD82-F138-4407-A027-EC5FD464D2EE}
	EndGlobalSection
EndGlobal
